
Microsoft Visual Studio Solution File, Format Version 12.00
# Visual Studio Version 16
VisualStudioVersion = 16.0.809.1
MinimumVisualStudioVersion = 10.0.40219.1
Project("{FAE04EC0-301F-11D3-BF4B-00C04F79EFBC}") = "DesafioBruc", "DesafioBruc\DesafioBruc.csproj", "{53264A7B-4668-4FD4-A32D-B13297B26EFE}"
EndProject
Global
	GlobalSection(SolutionConfigurationPlatforms) = preSolution
		Debug|Any CPU = Debug|Any CPU
		Release|Any CPU = Release|Any CPU
	EndGlobalSection
	GlobalSection(ProjectConfigurationPlatforms) = postSolution
		{53264A7B-4668-4FD4-A32D-B13297B26EFE}.Debug|Any CPU.ActiveCfg = Debug|Any CPU
		{53264A7B-4668-4FD4-A32D-B13297B26EFE}.Debug|Any CPU.Build.0 = Debug|Any CPU
		{53264A7B-4668-4FD4-A32D-B13297B26EFE}.Release|Any CPU.ActiveCfg = Release|Any CPU
		{53264A7B-4668-4FD4-A32D-B13297B26EFE}.Release|Any CPU.Build.0 = Release|Any CPU
	EndGlobalSection
	GlobalSection(SolutionProperties) = preSolution
		HideSolutionNode = FALSE
	EndGlobalSection
	GlobalSection(ExtensibilityGlobals) = postSolution
		SolutionGuid = {84B1FC75-191E-4312-B8A4-C8DF6D523365}
	EndGlobalSection
EndGlobal
